// !$*UTF8*$!
{
	archiveVersion = 1;
	classes = {
	};
	objectVersion = 46;
	objects = {

/* Begin PBXBuildFile section */
		53F3F5C4175D44F600F3B246 /* UIKit.framework in Frameworks */ = {isa = PBXBuildFile; fileRef = 53F3F5C3175D44F600F3B246 /* UIKit.framework */; };
		53F3F5C6175D44F600F3B246 /* Foundation.framework in Frameworks */ = {isa = PBXBuildFile; fileRef = 53F3F5C5175D44F600F3B246 /* Foundation.framework */; };
		53F3F5C8175D44F600F3B246 /* CoreGraphics.framework in Frameworks */ = {isa = PBXBuildFile; fileRef = 53F3F5C7175D44F600F3B246 /* CoreGraphics.framework */; };
		53F3F5CE175D44F600F3B246 /* InfoPlist.strings in Resources */ = {isa = PBXBuildFile; fileRef = 53F3F5CC175D44F600F3B246 /* InfoPlist.strings */; };
		53F3F5D0175D44F600F3B246 /* main.m in Sources */ = {isa = PBXBuildFile; fileRef = 53F3F5CF175D44F600F3B246 /* main.m */; };
		53F3F5D4175D44F600F3B246 /* ChecklistsAppDelegate.m in Sources */ = {isa = PBXBuildFile; fileRef = 53F3F5D3175D44F600F3B246 /* ChecklistsAppDelegate.m */; };
		53F3F5D6175D44F600F3B246 /* Default.png in Resources */ = {isa = PBXBuildFile; fileRef = 53F3F5D5175D44F600F3B246 /* Default.png */; };
		53F3F5D8175D44F600F3B246 /* Default@2x.png in Resources */ = {isa = PBXBuildFile; fileRef = 53F3F5D7175D44F600F3B246 /* Default@2x.png */; };
		53F3F5DA175D44F600F3B246 /* Default-568h@2x.png in Resources */ = {isa = PBXBuildFile; fileRef = 53F3F5D9175D44F600F3B246 /* Default-568h@2x.png */; };
		53F3F5DD175D44F600F3B246 /* MainStoryboard.storyboard in Resources */ = {isa = PBXBuildFile; fileRef = 53F3F5DB175D44F600F3B246 /* MainStoryboard.storyboard */; };
		53F3F5E0175D44F600F3B246 /* ChecklistsViewController.m in Sources */ = {isa = PBXBuildFile; fileRef = 53F3F5DF175D44F600F3B246 /* ChecklistsViewController.m */; };
/* End PBXBuildFile section */

/* Begin PBXFileReference section */
		53F3F5C0175D44F600F3B246 /* Checklists.app */ = {isa = PBXFileReference; explicitFileType = wrapper.application; includeInIndex = 0; path = Checklists.app; sourceTree = BUILT_PRODUCTS_DIR; };
		53F3F5C3175D44F600F3B246 /* UIKit.framework */ = {isa = PBXFileReference; lastKnownFileType = wrapper.framework; name = UIKit.framework; path = System/Library/Frameworks/UIKit.framework; sourceTree = SDKROOT; };
		53F3F5C5175D44F600F3B246 /* Foundation.framework */ = {isa = PBXFileReference; lastKnownFileType = wrapper.framework; name = Foundation.framework; path = System/Library/Frameworks/Foundation.framework; sourceTree = SDKROOT; };
		53F3F5C7175D44F600F3B246 /* CoreGraphics.framework */ = {isa = PBXFileReference; lastKnownFileType = wrapper.framework; name = CoreGraphics.framework; path = System/Library/Frameworks/CoreGraphics.framework; sourceTree = SDKROOT; };
		53F3F5CB175D44F600F3B246 /* Checklists-Info.plist */ = {isa = PBXFileReference; lastKnownFileType = text.plist.xml; path = "Checklists-Info.plist"; sourceTree = "<group>"; };
		53F3F5CD175D44F600F3B246 /* en */ = {isa = PBXFileReference; lastKnownFileType = text.plist.strings; name = en; path = en.lproj/InfoPlist.strings; sourceTree = "<group>"; };
		53F3F5CF175D44F600F3B246 /* main.m */ = {isa = PBXFileReference; lastKnownFileType = sourcecode.c.objc; path = main.m; sourceTree = "<group>"; };
		53F3F5D1175D44F600F3B246 /* Checklists-Prefix.pch */ = {isa = PBXFileReference; lastKnownFileType = sourcecode.c.h; path = "Checklists-Prefix.pch"; sourceTree = "<group>"; };
		53F3F5D2175D44F600F3B246 /* ChecklistsAppDelegate.h */ = {isa = PBXFileReference; lastKnownFileType = sourcecode.c.h; path = ChecklistsAppDelegate.h; sourceTree = "<group>"; };
		53F3F5D3175D44F600F3B246 /* ChecklistsAppDelegate.m */ = {isa = PBXFileReference; lastKnownFileType = sourcecode.c.objc; path = ChecklistsAppDelegate.m; sourceTree = "<group>"; };
		53F3F5D5175D44F600F3B246 /* Default.png */ = {isa = PBXFileReference; lastKnownFileType = image.png; path = Default.png; sourceTree = "<group>"; };
		53F3F5D7175D44F600F3B246 /* Default@2x.png */ = {isa = PBXFileReference; lastKnownFileType = image.png; path = "Default@2x.png"; sourceTree = "<group>"; };
		53F3F5D9175D44F600F3B246 /* Default-568h@2x.png */ = {isa = PBXFileReference; lastKnownFileType = image.png; path = "Default-568h@2x.png"; sourceTree = "<group>"; };
		53F3F5DC175D44F600F3B246 /* en */ = {isa = PBXFileReference; lastKnownFileType = file.storyboard; name = en; path = en.lproj/MainStoryboard.storyboard; sourceTree = "<group>"; };
		53F3F5DE175D44F600F3B246 /* ChecklistsViewController.h */ = {isa = PBXFileReference; lastKnownFileType = sourcecode.c.h; path = ChecklistsViewController.h; sourceTree = "<group>"; };
		53F3F5DF175D44F600F3B246 /* ChecklistsViewController.m */ = {isa = PBXFileReference; lastKnownFileType = sourcecode.c.objc; path = ChecklistsViewController.m; sourceTree = "<group>"; };
/* End PBXFileReference section */

/* Begin PBXFrameworksBuildPhase section */
		53F3F5BD175D44F600F3B246 /* Frameworks */ = {
			isa = PBXFrameworksBuildPhase;
			buildActionMask = 2147483647;
			files = (
				53F3F5C4175D44F600F3B246 /* UIKit.framework in Frameworks */,
				53F3F5C6175D44F600F3B246 /* Foundation.framework in Frameworks */,
				53F3F5C8175D44F600F3B246 /* CoreGraphics.framework in Frameworks */,
			);
			runOnlyForDeploymentPostprocessing = 0;
		};
/* End PBXFrameworksBuildPhase section */

/* Begin PBXGroup section */
		53F3F5B7175D44F600F3B246 = {
			isa = PBXGroup;
			children = (
				53F3F5C9175D44F600F3B246 /* Checklists */,
				53F3F5C2175D44F600F3B246 /* Frameworks */,
				53F3F5C1175D44F600F3B246 /* Products */,
			);
			sourceTree = "<group>";
		};
		53F3F5C1175D44F600F3B246 /* Products */ = {
			isa = PBXGroup;
			children = (
				53F3F5C0175D44F600F3B246 /* Checklists.app */,
			);
			name = Products;
			sourceTree = "<group>";
		};
		53F3F5C2175D44F600F3B246 /* Frameworks */ = {
			isa = PBXGroup;
			children = (
				53F3F5C3175D44F600F3B246 /* UIKit.framework */,
				53F3F5C5175D44F600F3B246 /* Foundation.framework */,
				53F3F5C7175D44F600F3B246 /* CoreGraphics.framework */,
			);
			name = Frameworks;
			sourceTree = "<group>";
		};
		53F3F5C9175D44F600F3B246 /* Checklists */ = {
			isa = PBXGroup;
			children = (
				53F3F5D2175D44F600F3B246 /* ChecklistsAppDelegate.h */,
				53F3F5D3175D44F600F3B246 /* ChecklistsAppDelegate.m */,
				53F3F5DB175D44F600F3B246 /* MainStoryboard.storyboard */,
				53F3F5DE175D44F600F3B246 /* ChecklistsViewController.h */,
				53F3F5DF175D44F600F3B246 /* ChecklistsViewController.m */,
				53F3F5CA175D44F600F3B246 /* Supporting Files */,
			);
			path = Checklists;
			sourceTree = "<group>";
		};
		53F3F5CA175D44F600F3B246 /* Supporting Files */ = {
			isa = PBXGroup;
			children = (
				53F3F5CB175D44F600F3B246 /* Checklists-Info.plist */,
				53F3F5CC175D44F600F3B246 /* InfoPlist.strings */,
				53F3F5CF175D44F600F3B246 /* main.m */,
				53F3F5D1175D44F600F3B246 /* Checklists-Prefix.pch */,
				53F3F5D5175D44F600F3B246 /* Default.png */,
				53F3F5D7175D44F600F3B246 /* Default@2x.png */,
				53F3F5D9175D44F600F3B246 /* Default-568h@2x.png */,
			);
			name = "Supporting Files";
			sourceTree = "<group>";
		};
/* End PBXGroup section */

/* Begin PBXNativeTarget section */
		53F3F5BF175D44F600F3B246 /* Checklists */ = {
			isa = PBXNativeTarget;
			buildConfigurationList = 53F3F5E3175D44F600F3B246 /* Build configuration list for PBXNativeTarget "Checklists" */;
			buildPhases = (
				53F3F5BC175D44F600F3B246 /* Sources */,
				53F3F5BD175D44F600F3B246 /* Frameworks */,
				53F3F5BE175D44F600F3B246 /* Resources */,
			);
			buildRules = (
			);
			dependencies = (
			);
			name = Checklists;
			productName = Checklists;
			productReference = 53F3F5C0175D44F600F3B246 /* Checklists.app */;
			productType = "com.apple.product-type.application";
		};
/* End PBXNativeTarget section */

/* Begin PBXProject section */
		53F3F5B8175D44F600F3B246 /* Project object */ = {
			isa = PBXProject;
			attributes = {
				CLASSPREFIX = Checklists;
				LastUpgradeCheck = 0460;
				ORGANIZATIONNAME = "Blue Fantail";
			};
			buildConfigurationList = 53F3F5BB175D44F600F3B246 /* Build configuration list for PBXProject "Checklists" */;
			compatibilityVersion = "Xcode 3.2";
			developmentRegion = English;
			hasScannedForEncodings = 0;
			knownRegions = (
				en,
			);
			mainGroup = 53F3F5B7175D44F600F3B246;
			productRefGroup = 53F3F5C1175D44F600F3B246 /* Products */;
			projectDirPath = "";
			projectRoot = "";
			targets = (
				53F3F5BF175D44F600F3B246 /* Checklists */,
			);
		};
/* End PBXProject section */

/* Begin PBXResourcesBuildPhase section */
		53F3F5BE175D44F600F3B246 /* Resources */ = {
			isa = PBXResourcesBuildPhase;
			buildActionMask = 2147483647;
			files = (
				53F3F5CE175D44F600F3B246 /* InfoPlist.strings in Resources */,
				53F3F5D6175D44F600F3B246 /* Default.png in Resources */,
				53F3F5D8175D44F600F3B246 /* Default@2x.png in Resources */,
				53F3F5DA175D44F600F3B246 /* Default-568h@2x.png in Resources */,
				53F3F5DD175D44F600F3B246 /* MainStoryboard.storyboard in Resources */,
			);
			runOnlyForDeploymentPostprocessing = 0;
		};
/* End PBXResourcesBuildPhase section */

/* Begin PBXSourcesBuildPhase section */
		53F3F5BC175D44F600F3B246 /* Sources */ = {
			isa = PBXSourcesBuildPhase;
			buildActionMask = 2147483647;
			files = (
				53F3F5D0175D44F600F3B246 /* main.m in Sources */,
				53F3F5D4175D44F600F3B246 /* ChecklistsAppDelegate.m in Sources */,
				53F3F5E0175D44F600F3B246 /* ChecklistsViewController.m in Sources */,
			);
			runOnlyForDeploymentPostprocessing = 0;
		};
/* End PBXSourcesBuildPhase section */

/* Begin PBXVariantGroup section */
		53F3F5CC175D44F600F3B246 /* InfoPlist.strings */ = {
			isa = PBXVariantGroup;
			children = (
				53F3F5CD175D44F600F3B246 /* en */,
			);
			name = InfoPlist.strings;
			sourceTree = "<group>";
		};
		53F3F5DB175D44F600F3B246 /* MainStoryboard.storyboard */ = {
			isa = PBXVariantGroup;
			children = (
				53F3F5DC175D44F600F3B246 /* en */,
			);
			name = MainStoryboard.storyboard;
			sourceTree = "<group>";
		};
/* End PBXVariantGroup section */

/* Begin XCBuildConfiguration section */
		53F3F5E1175D44F600F3B246 /* Debug */ = {
			isa = XCBuildConfiguration;
			buildSettings = {
				ALWAYS_SEARCH_USER_PATHS = NO;
				CLANG_CXX_LANGUAGE_STANDARD = "gnu++0x";
				CLANG_CXX_LIBRARY = "libc++";
				CLANG_ENABLE_OBJC_ARC = YES;
				CLANG_WARN_CONSTANT_CONVERSION = YES;
				CLANG_WARN_EMPTY_BODY = YES;
				CLANG_WARN_ENUM_CONVERSION = YES;
				CLANG_WARN_INT_CONVERSION = YES;
				CLANG_WARN__DUPLICATE_METHOD_MATCH = YES;
				"CODE_SIGN_IDENTITY[sdk=iphoneos*]" = "iPhone Developer";
				COPY_PHASE_STRIP = NO;
				GCC_C_LANGUAGE_STANDARD = gnu99;
				GCC_DYNAMIC_NO_PIC = NO;
				GCC_OPTIMIZATION_LEVEL = 0;
				GCC_PREPROCESSOR_DEFINITIONS = (
					"DEBUG=1",
					"$(inherited)",
				);
				GCC_SYMBOLS_PRIVATE_EXTERN = NO;
				GCC_WARN_ABOUT_RETURN_TYPE = YES;
				GCC_WARN_UNINITIALIZED_AUTOS = YES;
				GCC_WARN_UNUSED_VARIABLE = YES;
				IPHONEOS_DEPLOYMENT_TARGET = 6.1;
				ONLY_ACTIVE_ARCH = YES;
				SDKROOT = iphoneos;
			};
			name = Debug;
		};
		53F3F5E2175D44F600F3B246 /* Release */ = {
			isa = XCBuildConfiguration;
			buildSettings = {
				ALWAYS_SEARCH_USER_PATHS = NO;
				CLANG_CXX_LANGUAGE_STANDARD = "gnu++0x";
				CLANG_CXX_LIBRARY = "libc++";
				CLANG_ENABLE_OBJC_ARC = YES;
				CLANG_WARN_CONSTANT_CONVERSION = YES;
				CLANG_WARN_EMPTY_BODY = YES;
				CLANG_WARN_ENUM_CONVERSION = YES;
				CLANG_WARN_INT_CONVERSION = YES;
				CLANG_WARN__DUPLICATE_METHOD_MATCH = YES;
				"CODE_SIGN_IDENTITY[sdk=iphoneos*]" = "iPhone Developer";
				COPY_PHASE_STRIP = YES;
				GCC_C_LANGUAGE_STANDARD = gnu99;
				GCC_WARN_ABOUT_RETURN_TYPE = YES;
				GCC_WARN_UNINITIALIZED_AUTOS = YES;
				GCC_WARN_UNUSED_VARIABLE = YES;
				IPHONEOS_DEPLOYMENT_TARGET = 6.1;
				OTHER_CFLAGS = "-DNS_BLOCK_ASSERTIONS=1";
				SDKROOT = iphoneos;
				VALIDATE_PRODUCT = YES;
			};
			name = Release;
		};
		53F3F5E4175D44F600F3B246 /* Debug */ = {
			isa = XCBuildConfiguration;
			buildSettings = {
				GCC_PRECOMPILE_PREFIX_HEADER = YES;
				GCC_PREFIX_HEADER = "Checklists/Checklists-Prefix.pch";
				INFOPLIST_FILE = "Checklists/Checklists-Info.plist";
				PRODUCT_NAME = "$(TARGET_NAME)";
				WRAPPER_EXTENSION = app;
			};
			name = Debug;
		};
		53F3F5E5175D44F600F3B246 /* Release */ = {
			isa = XCBuildConfiguration;
			buildSettings = {
				GCC_PRECOMPILE_PREFIX_HEADER = YES;
				GCC_PREFIX_HEADER = "Checklists/Checklists-Prefix.pch";
				INFOPLIST_FILE = "Checklists/Checklists-Info.plist";
				PRODUCT_NAME = "$(TARGET_NAME)";
				WRAPPER_EXTENSION = app;
			};
			name = Release;
		};
/* End XCBuildConfiguration section */

/* Begin XCConfigurationList section */
		53F3F5BB175D44F600F3B246 /* Build configuration list for PBXProject "Checklists" */ = {
			isa = XCConfigurationList;
			buildConfigurations = (
				53F3F5E1175D44F600F3B246 /* Debug */,
				53F3F5E2175D44F600F3B246 /* Release */,
			);
			defaultConfigurationIsVisible = 0;
			defaultConfigurationName = Release;
		};
		53F3F5E3175D44F600F3B246 /* Build configuration list for PBXNativeTarget "Checklists" */ = {
			isa = XCConfigurationList;
			buildConfigurations = (
				53F3F5E4175D44F600F3B246 /* Debug */,
				53F3F5E5175D44F600F3B246 /* Release */,
			);
			defaultConfigurationIsVisible = 0;
		};
/* End XCConfigurationList section */
	};
	rootObject = 53F3F5B8175D44F600F3B246 /* Project object */;
}
